# This file is automatically @generated by Cargo.
# It is not intended for manual editing.
version = 4

[[package]]
name = "net"
version = "0.0.0"

[[package]]
name = "persist"
version = "0.0.0"

[[package]]
name = "proto"
version = "0.0.0"

[[package]]
name = "server"
version = "0.0.0"

[[package]]
name = "sim"
version = "0.0.0"

[[package]]
name = "tools"
version = "0.0.0"
